
Microsoft Visual Studio Solution File, Format Version 11.00
# Visual Studio 2010
Project("{FAE04EC0-301F-11D3-BF4B-00C04F79EFBC}") = "spine-unity-examples", "spine-unity-examples.csproj", "{a6149a22-9fc2-d93c-b332-fabbe52eac80}"
EndProject
Project("{FAE04EC0-301F-11D3-BF4B-00C04F79EFBC}") = "spine-unity", "spine-unity.csproj", "{04a6d467-16bb-6cdd-cb29-9347d52df6f0}"
EndProject
Project("{FAE04EC0-301F-11D3-BF4B-00C04F79EFBC}") = "spine-csharp", "spine-csharp.csproj", "{a917eb9e-9b88-33ee-459a-f67a945400b8}"
EndProject
Project("{FAE04EC0-301F-11D3-BF4B-00C04F79EFBC}") = "spine-unity-editor", "spine-unity-editor.csproj", "{693bd228-3dc0-cb79-1239-6b333f1dad0e}"
EndProject
Project("{FAE04EC0-301F-11D3-BF4B-00C04F79EFBC}") = "spine-unity-examples-editor", "spine-unity-examples-editor.csproj", "{7a3c821a-5f6d-aa5c-348f-d942e45beefa}"
EndProject
Project("{FAE04EC0-301F-11D3-BF4B-00C04F79EFBC}") = "Assembly-CSharp", "Assembly-CSharp.csproj", "{c1df8a4b-e18d-5f06-6222-63fb7d999779}"
EndProject
Global
	GlobalSection(SolutionConfigurationPlatforms) = preSolution
		Debug|Any CPU = Debug|Any CPU
	EndGlobalSection
	GlobalSection(ProjectConfigurationPlatforms) = postSolution
		{a6149a22-9fc2-d93c-b332-fabbe52eac80}.Debug|Any CPU.ActiveCfg = Debug|Any CPU
		{a6149a22-9fc2-d93c-b332-fabbe52eac80}.Debug|Any CPU.Build.0 = Debug|Any CPU
		{04a6d467-16bb-6cdd-cb29-9347d52df6f0}.Debug|Any CPU.ActiveCfg = Debug|Any CPU
		{04a6d467-16bb-6cdd-cb29-9347d52df6f0}.Debug|Any CPU.Build.0 = Debug|Any CPU
		{a917eb9e-9b88-33ee-459a-f67a945400b8}.Debug|Any CPU.ActiveCfg = Debug|Any CPU
		{a917eb9e-9b88-33ee-459a-f67a945400b8}.Debug|Any CPU.Build.0 = Debug|Any CPU
		{693bd228-3dc0-cb79-1239-6b333f1dad0e}.Debug|Any CPU.ActiveCfg = Debug|Any CPU
		{693bd228-3dc0-cb79-1239-6b333f1dad0e}.Debug|Any CPU.Build.0 = Debug|Any CPU
		{7a3c821a-5f6d-aa5c-348f-d942e45beefa}.Debug|Any CPU.ActiveCfg = Debug|Any CPU
		{7a3c821a-5f6d-aa5c-348f-d942e45beefa}.Debug|Any CPU.Build.0 = Debug|Any CPU
		{c1df8a4b-e18d-5f06-6222-63fb7d999779}.Debug|Any CPU.ActiveCfg = Debug|Any CPU
		{c1df8a4b-e18d-5f06-6222-63fb7d999779}.Debug|Any CPU.Build.0 = Debug|Any CPU
	EndGlobalSection
	GlobalSection(SolutionProperties) = preSolution
		HideSolutionNode = FALSE
	EndGlobalSection
EndGlobal
